
Microsoft Visual Studio Solution File, Format Version 12.00
# Visual Studio Version 16
VisualStudioVersion = 16.0.33027.164
MinimumVisualStudioVersion = 10.0.40219.1
Project("{FAE04EC0-301F-11D3-BF4B-00C04F79EFBC}") = "GuestRegistration", "GuestRegistration\GuestRegistration.csproj", "{89B20213-2672-4C63-AA66-ABAB17552C24}"
EndProject
Project("{00D1A9C2-B5F0-4AF3-8072-F6C62B433612}") = "GuestData", "GuestData\GuestData.sqlproj", "{B4D9C701-D683-405C-B09D-3AAE60D9B1D0}"
EndProject
Project("{FAE04EC0-301F-11D3-BF4B-00C04F79EFBC}") = "GuestRegistrationDeskUI", "GuestRegistrationDeskUI\GuestRegistrationDeskUI.csproj", "{9BF3568A-AC30-4C8E-953C-E5B043AE9EE0}"
EndProject
Project("{FAE04EC0-301F-11D3-BF4B-00C04F79EFBC}") = "GuestRegistrationDesktopUI.Library", "GuestRegistrationDesktopUI.Library\GuestRegistrationDesktopUI.Library.csproj", "{66E111C1-5521-4C17-BD50-C71B73B1B4F7}"
EndProject
Project("{FAE04EC0-301F-11D3-BF4B-00C04F79EFBC}") = "GuestDataManager.Library", "GuestDataManager.Library\GuestDataManager.Library.csproj", "{0C5936BD-D56E-4F34-97A1-DDEF0E9A3542}"
EndProject
Project("{FAE04EC0-301F-11D3-BF4B-00C04F79EFBC}") = "FargoEncodingPrinting.Library", "FargoEncodingPrinting.Library\FargoEncodingPrinting.Library.csproj", "{AFDB8CB9-40FB-4500-BAE1-5FDB047B6297}"
EndProject
Project("{FAE04EC0-301F-11D3-BF4B-00C04F79EFBC}") = "fiScan", "FI800Scan\fiScan.csproj", "{995ECF12-C2DC-4F55-8598-2BB636B65305}"
EndProject
Project("{9A19103F-16F7-4668-BE54-9A1E7A4F7556}") = "Tesseract.OCRLibrary", "Tesseract.ConsoleDemo\Tesseract.OCRLibrary.csproj", "{A50EC795-E457-4AAF-81EF-CD54880CFFA3}"
EndProject
Project("{FAE04EC0-301F-11D3-BF4B-00C04F79EFBC}") = "IronOCR.Library", "IronOCR.Library\IronOCR.Library.csproj", "{D21BBB0A-CA79-4D71-8731-72DD9531A330}"
EndProject
Project("{FAE04EC0-301F-11D3-BF4B-00C04F79EFBC}") = "EDSDKLib", "EDSDKLib\EDSDKLib.csproj", "{15E99248-6161-46A4-9183-609CA62406A6}"
EndProject
Global
	GlobalSection(SolutionConfigurationPlatforms) = preSolution
		Debug|Any CPU = Debug|Any CPU
		Debug|x64 = Debug|x64
		Debug|x86 = Debug|x86
		Release|Any CPU = Release|Any CPU
		Release|x64 = Release|x64
		Release|x86 = Release|x86
	EndGlobalSection
	GlobalSection(ProjectConfigurationPlatforms) = postSolution
		{89B20213-2672-4C63-AA66-ABAB17552C24}.Debug|Any CPU.ActiveCfg = Debug|Any CPU
		{89B20213-2672-4C63-AA66-ABAB17552C24}.Debug|Any CPU.Build.0 = Debug|Any CPU
		{89B20213-2672-4C63-AA66-ABAB17552C24}.Debug|x64.ActiveCfg = Debug|Any CPU
		{89B20213-2672-4C63-AA66-ABAB17552C24}.Debug|x64.Build.0 = Debug|Any CPU
		{89B20213-2672-4C63-AA66-ABAB17552C24}.Debug|x86.ActiveCfg = Debug|Any CPU
		{89B20213-2672-4C63-AA66-ABAB17552C24}.Debug|x86.Build.0 = Debug|Any CPU
		{89B20213-2672-4C63-AA66-ABAB17552C24}.Release|Any CPU.ActiveCfg = Release|Any CPU
		{89B20213-2672-4C63-AA66-ABAB17552C24}.Release|Any CPU.Build.0 = Release|Any CPU
		{89B20213-2672-4C63-AA66-ABAB17552C24}.Release|x64.ActiveCfg = Release|Any CPU
		{89B20213-2672-4C63-AA66-ABAB17552C24}.Release|x64.Build.0 = Release|Any CPU
		{89B20213-2672-4C63-AA66-ABAB17552C24}.Release|x86.ActiveCfg = Release|Any CPU
		{89B20213-2672-4C63-AA66-ABAB17552C24}.Release|x86.Build.0 = Release|Any CPU
		{B4D9C701-D683-405C-B09D-3AAE60D9B1D0}.Debug|Any CPU.ActiveCfg = Debug|Any CPU
		{B4D9C701-D683-405C-B09D-3AAE60D9B1D0}.Debug|Any CPU.Build.0 = Debug|Any CPU
		{B4D9C701-D683-405C-B09D-3AAE60D9B1D0}.Debug|Any CPU.Deploy.0 = Debug|Any CPU
		{B4D9C701-D683-405C-B09D-3AAE60D9B1D0}.Debug|x64.ActiveCfg = Debug|Any CPU
		{B4D9C701-D683-405C-B09D-3AAE60D9B1D0}.Debug|x64.Build.0 = Debug|Any CPU
		{B4D9C701-D683-405C-B09D-3AAE60D9B1D0}.Debug|x64.Deploy.0 = Debug|Any CPU
		{B4D9C701-D683-405C-B09D-3AAE60D9B1D0}.Debug|x86.ActiveCfg = Debug|Any CPU
		{B4D9C701-D683-405C-B09D-3AAE60D9B1D0}.Debug|x86.Build.0 = Debug|Any CPU
		{B4D9C701-D683-405C-B09D-3AAE60D9B1D0}.Debug|x86.Deploy.0 = Debug|Any CPU
		{B4D9C701-D683-405C-B09D-3AAE60D9B1D0}.Release|Any CPU.ActiveCfg = Release|Any CPU
		{B4D9C701-D683-405C-B09D-3AAE60D9B1D0}.Release|Any CPU.Build.0 = Release|Any CPU
		{B4D9C701-D683-405C-B09D-3AAE60D9B1D0}.Release|Any CPU.Deploy.0 = Release|Any CPU
		{B4D9C701-D683-405C-B09D-3AAE60D9B1D0}.Release|x64.ActiveCfg = Release|Any CPU
		{B4D9C701-D683-405C-B09D-3AAE60D9B1D0}.Release|x64.Build.0 = Release|Any CPU
		{B4D9C701-D683-405C-B09D-3AAE60D9B1D0}.Release|x64.Deploy.0 = Release|Any CPU
		{B4D9C701-D683-405C-B09D-3AAE60D9B1D0}.Release|x86.ActiveCfg = Release|Any CPU
		{B4D9C701-D683-405C-B09D-3AAE60D9B1D0}.Release|x86.Build.0 = Release|Any CPU
		{B4D9C701-D683-405C-B09D-3AAE60D9B1D0}.Release|x86.Deploy.0 = Release|Any CPU
		{9BF3568A-AC30-4C8E-953C-E5B043AE9EE0}.Debug|Any CPU.ActiveCfg = Debug|Any CPU
		{9BF3568A-AC30-4C8E-953C-E5B043AE9EE0}.Debug|Any CPU.Build.0 = Debug|Any CPU
		{9BF3568A-AC30-4C8E-953C-E5B043AE9EE0}.Debug|x64.ActiveCfg = Debug|Any CPU
		{9BF3568A-AC30-4C8E-953C-E5B043AE9EE0}.Debug|x64.Build.0 = Debug|Any CPU
		{9BF3568A-AC30-4C8E-953C-E5B043AE9EE0}.Debug|x86.ActiveCfg = Debug|Any CPU
		{9BF3568A-AC30-4C8E-953C-E5B043AE9EE0}.Debug|x86.Build.0 = Debug|Any CPU
		{9BF3568A-AC30-4C8E-953C-E5B043AE9EE0}.Release|Any CPU.ActiveCfg = Release|Any CPU
		{9BF3568A-AC30-4C8E-953C-E5B043AE9EE0}.Release|Any CPU.Build.0 = Release|Any CPU
		{9BF3568A-AC30-4C8E-953C-E5B043AE9EE0}.Release|x64.ActiveCfg = Release|Any CPU
		{9BF3568A-AC30-4C8E-953C-E5B043AE9EE0}.Release|x64.Build.0 = Release|Any CPU
		{9BF3568A-AC30-4C8E-953C-E5B043AE9EE0}.Release|x86.ActiveCfg = Release|Any CPU
		{9BF3568A-AC30-4C8E-953C-E5B043AE9EE0}.Release|x86.Build.0 = Release|Any CPU
		{66E111C1-5521-4C17-BD50-C71B73B1B4F7}.Debug|Any CPU.ActiveCfg = Debug|Any CPU
		{66E111C1-5521-4C17-BD50-C71B73B1B4F7}.Debug|Any CPU.Build.0 = Debug|Any CPU
		{66E111C1-5521-4C17-BD50-C71B73B1B4F7}.Debug|x64.ActiveCfg = Debug|Any CPU
		{66E111C1-5521-4C17-BD50-C71B73B1B4F7}.Debug|x64.Build.0 = Debug|Any CPU
		{66E111C1-5521-4C17-BD50-C71B73B1B4F7}.Debug|x86.ActiveCfg = Debug|Any CPU
		{66E111C1-5521-4C17-BD50-C71B73B1B4F7}.Debug|x86.Build.0 = Debug|Any CPU
		{66E111C1-5521-4C17-BD50-C71B73B1B4F7}.Release|Any CPU.ActiveCfg = Release|Any CPU
		{66E111C1-5521-4C17-BD50-C71B73B1B4F7}.Release|Any CPU.Build.0 = Release|Any CPU
		{66E111C1-5521-4C17-BD50-C71B73B1B4F7}.Release|x64.ActiveCfg = Release|Any CPU
		{66E111C1-5521-4C17-BD50-C71B73B1B4F7}.Release|x64.Build.0 = Release|Any CPU
		{66E111C1-5521-4C17-BD50-C71B73B1B4F7}.Release|x86.ActiveCfg = Release|Any CPU
		{66E111C1-5521-4C17-BD50-C71B73B1B4F7}.Release|x86.Build.0 = Release|Any CPU
		{0C5936BD-D56E-4F34-97A1-DDEF0E9A3542}.Debug|Any CPU.ActiveCfg = Debug|Any CPU
		{0C5936BD-D56E-4F34-97A1-DDEF0E9A3542}.Debug|Any CPU.Build.0 = Debug|Any CPU
		{0C5936BD-D56E-4F34-97A1-DDEF0E9A3542}.Debug|x64.ActiveCfg = Debug|Any CPU
		{0C5936BD-D56E-4F34-97A1-DDEF0E9A3542}.Debug|x64.Build.0 = Debug|Any CPU
		{0C5936BD-D56E-4F34-97A1-DDEF0E9A3542}.Debug|x86.ActiveCfg = Debug|Any CPU
		{0C5936BD-D56E-4F34-97A1-DDEF0E9A3542}.Debug|x86.Build.0 = Debug|Any CPU
		{0C5936BD-D56E-4F34-97A1-DDEF0E9A3542}.Release|Any CPU.ActiveCfg = Release|Any CPU
		{0C5936BD-D56E-4F34-97A1-DDEF0E9A3542}.Release|Any CPU.Build.0 = Release|Any CPU
		{0C5936BD-D56E-4F34-97A1-DDEF0E9A3542}.Release|x64.ActiveCfg = Release|Any CPU
		{0C5936BD-D56E-4F34-97A1-DDEF0E9A3542}.Release|x64.Build.0 = Release|Any CPU
		{0C5936BD-D56E-4F34-97A1-DDEF0E9A3542}.Release|x86.ActiveCfg = Release|Any CPU
		{0C5936BD-D56E-4F34-97A1-DDEF0E9A3542}.Release|x86.Build.0 = Release|Any CPU
		{AFDB8CB9-40FB-4500-BAE1-5FDB047B6297}.Debug|Any CPU.ActiveCfg = Debug|Any CPU
		{AFDB8CB9-40FB-4500-BAE1-5FDB047B6297}.Debug|Any CPU.Build.0 = Debug|Any CPU
		{AFDB8CB9-40FB-4500-BAE1-5FDB047B6297}.Debug|x64.ActiveCfg = Debug|Any CPU
		{AFDB8CB9-40FB-4500-BAE1-5FDB047B6297}.Debug|x64.Build.0 = Debug|Any CPU
		{AFDB8CB9-40FB-4500-BAE1-5FDB047B6297}.Debug|x86.ActiveCfg = Debug|Any CPU
		{AFDB8CB9-40FB-4500-BAE1-5FDB047B6297}.Release|Any CPU.ActiveCfg = Release|Any CPU
		{AFDB8CB9-40FB-4500-BAE1-5FDB047B6297}.Release|Any CPU.Build.0 = Release|Any CPU
		{AFDB8CB9-40FB-4500-BAE1-5FDB047B6297}.Release|x64.ActiveCfg = Release|Any CPU
		{AFDB8CB9-40FB-4500-BAE1-5FDB047B6297}.Release|x64.Build.0 = Release|Any CPU
		{AFDB8CB9-40FB-4500-BAE1-5FDB047B6297}.Release|x86.ActiveCfg = Release|Any CPU
		{995ECF12-C2DC-4F55-8598-2BB636B65305}.Debug|Any CPU.ActiveCfg = Debug|Any CPU
		{995ECF12-C2DC-4F55-8598-2BB636B65305}.Debug|Any CPU.Build.0 = Debug|Any CPU
		{995ECF12-C2DC-4F55-8598-2BB636B65305}.Debug|x64.ActiveCfg = Debug|x64
		{995ECF12-C2DC-4F55-8598-2BB636B65305}.Debug|x64.Build.0 = Debug|x64
		{995ECF12-C2DC-4F55-8598-2BB636B65305}.Debug|x86.ActiveCfg = Debug|Any CPU
		{995ECF12-C2DC-4F55-8598-2BB636B65305}.Debug|x86.Build.0 = Debug|Any CPU
		{995ECF12-C2DC-4F55-8598-2BB636B65305}.Release|Any CPU.ActiveCfg = Release|Any CPU
		{995ECF12-C2DC-4F55-8598-2BB636B65305}.Release|Any CPU.Build.0 = Release|Any CPU
		{995ECF12-C2DC-4F55-8598-2BB636B65305}.Release|x64.ActiveCfg = Release|x64
		{995ECF12-C2DC-4F55-8598-2BB636B65305}.Release|x64.Build.0 = Release|x64
		{995ECF12-C2DC-4F55-8598-2BB636B65305}.Release|x86.ActiveCfg = Release|Any CPU
		{995ECF12-C2DC-4F55-8598-2BB636B65305}.Release|x86.Build.0 = Release|Any CPU
		{A50EC795-E457-4AAF-81EF-CD54880CFFA3}.Debug|Any CPU.ActiveCfg = Debug|Any CPU
		{A50EC795-E457-4AAF-81EF-CD54880CFFA3}.Debug|Any CPU.Build.0 = Debug|Any CPU
		{A50EC795-E457-4AAF-81EF-CD54880CFFA3}.Debug|x64.ActiveCfg = Debug|Any CPU
		{A50EC795-E457-4AAF-81EF-CD54880CFFA3}.Debug|x64.Build.0 = Debug|Any CPU
		{A50EC795-E457-4AAF-81EF-CD54880CFFA3}.Debug|x86.ActiveCfg = Debug|Any CPU
		{A50EC795-E457-4AAF-81EF-CD54880CFFA3}.Debug|x86.Build.0 = Debug|Any CPU
		{A50EC795-E457-4AAF-81EF-CD54880CFFA3}.Release|Any CPU.ActiveCfg = Release|Any CPU
		{A50EC795-E457-4AAF-81EF-CD54880CFFA3}.Release|Any CPU.Build.0 = Release|Any CPU
		{A50EC795-E457-4AAF-81EF-CD54880CFFA3}.Release|x64.ActiveCfg = Release|Any CPU
		{A50EC795-E457-4AAF-81EF-CD54880CFFA3}.Release|x64.Build.0 = Release|Any CPU
		{A50EC795-E457-4AAF-81EF-CD54880CFFA3}.Release|x86.ActiveCfg = Release|Any CPU
		{A50EC795-E457-4AAF-81EF-CD54880CFFA3}.Release|x86.Build.0 = Release|Any CPU
		{D21BBB0A-CA79-4D71-8731-72DD9531A330}.Debug|Any CPU.ActiveCfg = Debug|Any CPU
		{D21BBB0A-CA79-4D71-8731-72DD9531A330}.Debug|Any CPU.Build.0 = Debug|Any CPU
		{D21BBB0A-CA79-4D71-8731-72DD9531A330}.Debug|x64.ActiveCfg = Debug|Any CPU
		{D21BBB0A-CA79-4D71-8731-72DD9531A330}.Debug|x64.Build.0 = Debug|Any CPU
		{D21BBB0A-CA79-4D71-8731-72DD9531A330}.Debug|x86.ActiveCfg = Debug|Any CPU
		{D21BBB0A-CA79-4D71-8731-72DD9531A330}.Debug|x86.Build.0 = Debug|Any CPU
		{D21BBB0A-CA79-4D71-8731-72DD9531A330}.Release|Any CPU.ActiveCfg = Release|Any CPU
		{D21BBB0A-CA79-4D71-8731-72DD9531A330}.Release|Any CPU.Build.0 = Release|Any CPU
		{D21BBB0A-CA79-4D71-8731-72DD9531A330}.Release|x64.ActiveCfg = Release|Any CPU
		{D21BBB0A-CA79-4D71-8731-72DD9531A330}.Release|x64.Build.0 = Release|Any CPU
		{D21BBB0A-CA79-4D71-8731-72DD9531A330}.Release|x86.ActiveCfg = Release|Any CPU
		{D21BBB0A-CA79-4D71-8731-72DD9531A330}.Release|x86.Build.0 = Release|Any CPU
		{15E99248-6161-46A4-9183-609CA62406A6}.Debug|Any CPU.ActiveCfg = Debug|x86
		{15E99248-6161-46A4-9183-609CA62406A6}.Debug|x64.ActiveCfg = Debug|x86
		{15E99248-6161-46A4-9183-609CA62406A6}.Debug|x86.ActiveCfg = Debug|x86
		{15E99248-6161-46A4-9183-609CA62406A6}.Debug|x86.Build.0 = Debug|x86
		{15E99248-6161-46A4-9183-609CA62406A6}.Release|Any CPU.ActiveCfg = Release|x86
		{15E99248-6161-46A4-9183-609CA62406A6}.Release|x64.ActiveCfg = Release|x86
		{15E99248-6161-46A4-9183-609CA62406A6}.Release|x86.ActiveCfg = Release|x86
		{15E99248-6161-46A4-9183-609CA62406A6}.Release|x86.Build.0 = Release|x86
	EndGlobalSection
	GlobalSection(SolutionProperties) = preSolution
		HideSolutionNode = FALSE
	EndGlobalSection
	GlobalSection(ExtensibilityGlobals) = postSolution
		SolutionGuid = {BCF88729-7FA0-4CCB-BA61-84D102D60733}
	EndGlobalSection
EndGlobal
